
Microsoft Visual Studio Solution File, Format Version 12.00
Project("{2150E333-8FDC-42A3-9474-1A3956D46DE8}") = "src", "src", "{3B0DAA5C-2CF5-4943-A907-BFFB076795CB}"
EndProject
Project("{2150E333-8FDC-42A3-9474-1A3956D46DE8}") = "Devices", "Devices", "{DD07CBFF-8286-4EC7-B4E2-83D37EB42DAB}"
EndProject
Project("{FAE04EC0-301F-11D3-BF4B-00C04F79EFBC}") = "Devices.Application", "src\Devices\Devices.Application\Devices.Application.csproj", "{79F4363A-D9A8-4B35-9FD3-02D3BE450F60}"
EndProject
Project("{FAE04EC0-301F-11D3-BF4B-00C04F79EFBC}") = "Devices.Api", "src\Devices\Devices.Api\Devices.Api.csproj", "{4F314F7F-DD08-4EB8-B615-12D02D076A92}"
EndProject
Project("{FAE04EC0-301F-11D3-BF4B-00C04F79EFBC}") = "Devices.Domain", "src\Devices\Devices.Domain\Devices.Domain.csproj", "{049D8797-FA57-4E5B-946A-95DDF6574CBB}"
EndProject
Project("{FAE04EC0-301F-11D3-BF4B-00C04F79EFBC}") = "Devices.Infrastructure", "src\Devices\Devices.Infrastructure\Devices.Infrastructure.csproj", "{9C0245EC-A9C3-4C01-90D9-8965E5A58996}"
EndProject
Project("{2150E333-8FDC-42A3-9474-1A3956D46DE8}") = "Tests", "Tests", "{8CA88435-3A25-4ADE-9493-8A0ECCE81583}"
EndProject
Project("{2150E333-8FDC-42A3-9474-1A3956D46DE8}") = "Devices", "Devices", "{08478210-A295-481F-AF8D-B76651169980}"
EndProject
Project("{FAE04EC0-301F-11D3-BF4B-00C04F79EFBC}") = "Devices.Api.Tests", "Tests\Devices\Devices.Api.Tests\Devices.Api.Tests.csproj", "{5EFD8909-6E28-482E-B9E1-42B92435F591}"
EndProject
Project("{FAE04EC0-301F-11D3-BF4B-00C04F79EFBC}") = "Devices.Application.Tests", "Tests\Devices\Devices.Application.Tests\Devices.Application.Tests.csproj", "{5AB032E2-D354-4359-AAC4-1FFEF61423EA}"
EndProject
Project("{FAE04EC0-301F-11D3-BF4B-00C04F79EFBC}") = "Devices.Infrastructure.Tests", "Tests\Devices\Devices.Infrastructure.Tests\Devices.Infrastructure.Tests.csproj", "{9BFF7D53-5617-4F33-A6AE-BD7BA710838B}"
EndProject
Project("{FAE04EC0-301F-11D3-BF4B-00C04F79EFBC}") = "Devices.Domain.Tests", "Tests\Devices\Devices.Domain.Tests\Devices.Domain.Tests.csproj", "{45570323-5AD3-439F-9A6F-03EF2C2BCB03}"
EndProject
Global
	GlobalSection(SolutionConfigurationPlatforms) = preSolution
		Debug|Any CPU = Debug|Any CPU
		Release|Any CPU = Release|Any CPU
	EndGlobalSection
	GlobalSection(ProjectConfigurationPlatforms) = postSolution
		{79F4363A-D9A8-4B35-9FD3-02D3BE450F60}.Debug|Any CPU.ActiveCfg = Debug|Any CPU
		{79F4363A-D9A8-4B35-9FD3-02D3BE450F60}.Debug|Any CPU.Build.0 = Debug|Any CPU
		{79F4363A-D9A8-4B35-9FD3-02D3BE450F60}.Release|Any CPU.ActiveCfg = Release|Any CPU
		{79F4363A-D9A8-4B35-9FD3-02D3BE450F60}.Release|Any CPU.Build.0 = Release|Any CPU
		{4F314F7F-DD08-4EB8-B615-12D02D076A92}.Debug|Any CPU.ActiveCfg = Debug|Any CPU
		{4F314F7F-DD08-4EB8-B615-12D02D076A92}.Debug|Any CPU.Build.0 = Debug|Any CPU
		{4F314F7F-DD08-4EB8-B615-12D02D076A92}.Release|Any CPU.ActiveCfg = Release|Any CPU
		{4F314F7F-DD08-4EB8-B615-12D02D076A92}.Release|Any CPU.Build.0 = Release|Any CPU
		{049D8797-FA57-4E5B-946A-95DDF6574CBB}.Debug|Any CPU.ActiveCfg = Debug|Any CPU
		{049D8797-FA57-4E5B-946A-95DDF6574CBB}.Debug|Any CPU.Build.0 = Debug|Any CPU
		{049D8797-FA57-4E5B-946A-95DDF6574CBB}.Release|Any CPU.ActiveCfg = Release|Any CPU
		{049D8797-FA57-4E5B-946A-95DDF6574CBB}.Release|Any CPU.Build.0 = Release|Any CPU
		{9C0245EC-A9C3-4C01-90D9-8965E5A58996}.Debug|Any CPU.ActiveCfg = Debug|Any CPU
		{9C0245EC-A9C3-4C01-90D9-8965E5A58996}.Debug|Any CPU.Build.0 = Debug|Any CPU
		{9C0245EC-A9C3-4C01-90D9-8965E5A58996}.Release|Any CPU.ActiveCfg = Release|Any CPU
		{9C0245EC-A9C3-4C01-90D9-8965E5A58996}.Release|Any CPU.Build.0 = Release|Any CPU
		{5EFD8909-6E28-482E-B9E1-42B92435F591}.Debug|Any CPU.ActiveCfg = Debug|Any CPU
		{5EFD8909-6E28-482E-B9E1-42B92435F591}.Debug|Any CPU.Build.0 = Debug|Any CPU
		{5EFD8909-6E28-482E-B9E1-42B92435F591}.Release|Any CPU.ActiveCfg = Release|Any CPU
		{5EFD8909-6E28-482E-B9E1-42B92435F591}.Release|Any CPU.Build.0 = Release|Any CPU
		{5AB032E2-D354-4359-AAC4-1FFEF61423EA}.Debug|Any CPU.ActiveCfg = Debug|Any CPU
		{5AB032E2-D354-4359-AAC4-1FFEF61423EA}.Debug|Any CPU.Build.0 = Debug|Any CPU
		{5AB032E2-D354-4359-AAC4-1FFEF61423EA}.Release|Any CPU.ActiveCfg = Release|Any CPU
		{5AB032E2-D354-4359-AAC4-1FFEF61423EA}.Release|Any CPU.Build.0 = Release|Any CPU
		{9BFF7D53-5617-4F33-A6AE-BD7BA710838B}.Debug|Any CPU.ActiveCfg = Debug|Any CPU
		{9BFF7D53-5617-4F33-A6AE-BD7BA710838B}.Debug|Any CPU.Build.0 = Debug|Any CPU
		{9BFF7D53-5617-4F33-A6AE-BD7BA710838B}.Release|Any CPU.ActiveCfg = Release|Any CPU
		{9BFF7D53-5617-4F33-A6AE-BD7BA710838B}.Release|Any CPU.Build.0 = Release|Any CPU
		{45570323-5AD3-439F-9A6F-03EF2C2BCB03}.Debug|Any CPU.ActiveCfg = Debug|Any CPU
		{45570323-5AD3-439F-9A6F-03EF2C2BCB03}.Debug|Any CPU.Build.0 = Debug|Any CPU
		{45570323-5AD3-439F-9A6F-03EF2C2BCB03}.Release|Any CPU.ActiveCfg = Release|Any CPU
		{45570323-5AD3-439F-9A6F-03EF2C2BCB03}.Release|Any CPU.Build.0 = Release|Any CPU
	EndGlobalSection
	GlobalSection(NestedProjects) = preSolution
		{DD07CBFF-8286-4EC7-B4E2-83D37EB42DAB} = {3B0DAA5C-2CF5-4943-A907-BFFB076795CB}
		{79F4363A-D9A8-4B35-9FD3-02D3BE450F60} = {DD07CBFF-8286-4EC7-B4E2-83D37EB42DAB}
		{4F314F7F-DD08-4EB8-B615-12D02D076A92} = {DD07CBFF-8286-4EC7-B4E2-83D37EB42DAB}
		{049D8797-FA57-4E5B-946A-95DDF6574CBB} = {DD07CBFF-8286-4EC7-B4E2-83D37EB42DAB}
		{9C0245EC-A9C3-4C01-90D9-8965E5A58996} = {DD07CBFF-8286-4EC7-B4E2-83D37EB42DAB}
		{08478210-A295-481F-AF8D-B76651169980} = {8CA88435-3A25-4ADE-9493-8A0ECCE81583}
		{5EFD8909-6E28-482E-B9E1-42B92435F591} = {08478210-A295-481F-AF8D-B76651169980}
		{5AB032E2-D354-4359-AAC4-1FFEF61423EA} = {08478210-A295-481F-AF8D-B76651169980}
		{9BFF7D53-5617-4F33-A6AE-BD7BA710838B} = {08478210-A295-481F-AF8D-B76651169980}
		{45570323-5AD3-439F-9A6F-03EF2C2BCB03} = {08478210-A295-481F-AF8D-B76651169980}
	EndGlobalSection
EndGlobal
